
Microsoft Visual Studio Solution File, Format Version 12.00
# Visual Studio Version 16
VisualStudioVersion = 16.0.31911.196
MinimumVisualStudioVersion = 10.0.40219.1
Project("{9A19103F-16F7-4668-BE54-9A1E7A4F7556}") = "TaskManagerApi", "TaskManagerApi\TaskManagerApi.csproj", "{8E2D06EB-A3B4-4F67-AE33-9892F15D6C51}"
EndProject
Project("{9A19103F-16F7-4668-BE54-9A1E7A4F7556}") = "DataAccessLibrary", "DataAccessLibrary\DataAccessLibrary.csproj", "{90CD8E4D-9BD9-4BB3-96FD-EE352C54899D}"
EndProject
Global
	GlobalSection(SolutionConfigurationPlatforms) = preSolution
		Debug|Any CPU = Debug|Any CPU
		Release|Any CPU = Release|Any CPU
	EndGlobalSection
	GlobalSection(ProjectConfigurationPlatforms) = postSolution
		{8E2D06EB-A3B4-4F67-AE33-9892F15D6C51}.Debug|Any CPU.ActiveCfg = Debug|Any CPU
		{8E2D06EB-A3B4-4F67-AE33-9892F15D6C51}.Debug|Any CPU.Build.0 = Debug|Any CPU
		{8E2D06EB-A3B4-4F67-AE33-9892F15D6C51}.Release|Any CPU.ActiveCfg = Release|Any CPU
		{8E2D06EB-A3B4-4F67-AE33-9892F15D6C51}.Release|Any CPU.Build.0 = Release|Any CPU
		{90CD8E4D-9BD9-4BB3-96FD-EE352C54899D}.Debug|Any CPU.ActiveCfg = Debug|Any CPU
		{90CD8E4D-9BD9-4BB3-96FD-EE352C54899D}.Debug|Any CPU.Build.0 = Debug|Any CPU
		{90CD8E4D-9BD9-4BB3-96FD-EE352C54899D}.Release|Any CPU.ActiveCfg = Release|Any CPU
		{90CD8E4D-9BD9-4BB3-96FD-EE352C54899D}.Release|Any CPU.Build.0 = Release|Any CPU
	EndGlobalSection
	GlobalSection(SolutionProperties) = preSolution
		HideSolutionNode = FALSE
	EndGlobalSection
	GlobalSection(ExtensibilityGlobals) = postSolution
		SolutionGuid = {68FEEBBB-7AB5-43E4-B17E-7682061F3678}
	EndGlobalSection
EndGlobal
